{
  "name": "weixin2html",
  "version": "1.2.0",
  "lockfileVersion": 1,
  "requires": true,
  "dependencies": {
    "oneutil": {
      "version": "2.5.0",
      "resolved": "https://registry.npmjs.org/oneutil/-/oneutil-2.5.0.tgz",
      "integrity": "sha512-5IrXMBLiek2M48WpkDJtm1UVUFssATiF37xUlfqPvRCymzlKdNPXV++NMbeUiypeq5UNABCc2+7J1t1jPdivmw=="
    }
  }
}
